
Microsoft Visual Studio Solution File, Format Version 12.00
# Visual Studio Version 16
VisualStudioVersion = 16.0.30002.166
MinimumVisualStudioVersion = 10.0.40219.1
Project("{FAE04EC0-301F-11D3-BF4B-00C04F79EFBC}") = "Foodam", "Foodam\Foodam.csproj", "{E719BBAF-1549-443D-872C-C35AC93A464C}"
EndProject
Project("{FAE04EC0-301F-11D3-BF4B-00C04F79EFBC}") = "UseCases", "UseCases\UseCases.csproj", "{65276A63-AB58-43E3-8774-45EE64C963A7}"
	ProjectSection(ProjectDependencies) = postProject
		{E719BBAF-1549-443D-872C-C35AC93A464C} = {E719BBAF-1549-443D-872C-C35AC93A464C}
	EndProjectSection
EndProject
Project("{FAE04EC0-301F-11D3-BF4B-00C04F79EFBC}") = "test", "test\test.csproj", "{94019AFC-B8CD-455B-B4D2-0736C2416A60}"
	ProjectSection(ProjectDependencies) = postProject
		{65276A63-AB58-43E3-8774-45EE64C963A7} = {65276A63-AB58-43E3-8774-45EE64C963A7}
		{E719BBAF-1549-443D-872C-C35AC93A464C} = {E719BBAF-1549-443D-872C-C35AC93A464C}
	EndProjectSection
EndProject
Project("{FAE04EC0-301F-11D3-BF4B-00C04F79EFBC}") = "InterfaceAdapters", "InterfaceAdapters\InterfaceAdapters\InterfaceAdapters.csproj", "{D3B98D07-AC45-47C5-BAD5-F84BC7D51A20}"
	ProjectSection(ProjectDependencies) = postProject
		{65276A63-AB58-43E3-8774-45EE64C963A7} = {65276A63-AB58-43E3-8774-45EE64C963A7}
		{E719BBAF-1549-443D-872C-C35AC93A464C} = {E719BBAF-1549-443D-872C-C35AC93A464C}
	EndProjectSection
EndProject
Project("{00D1A9C2-B5F0-4AF3-8072-F6C62B433612}") = "FoodamDatabase", "FoodamDatabase\FoodamDatabase.sqlproj", "{E7BE0969-C1D4-46A1-9C9C-D6EE206375C2}"
	ProjectSection(ProjectDependencies) = postProject
		{D3B98D07-AC45-47C5-BAD5-F84BC7D51A20} = {D3B98D07-AC45-47C5-BAD5-F84BC7D51A20}
	EndProjectSection
EndProject
Project("{FAE04EC0-301F-11D3-BF4B-00C04F79EFBC}") = "FoodamDatabaseDataProvider", "FoodamDatabaseDataProvider\FoodamDatabaseDataProvider.csproj", "{29E515E6-AD37-418A-955B-BD8C8ADC6EEE}"
EndProject
Global
	GlobalSection(SolutionConfigurationPlatforms) = preSolution
		Debug|Any CPU = Debug|Any CPU
		Release|Any CPU = Release|Any CPU
	EndGlobalSection
	GlobalSection(ProjectConfigurationPlatforms) = postSolution
		{E719BBAF-1549-443D-872C-C35AC93A464C}.Debug|Any CPU.ActiveCfg = Debug|Any CPU
		{E719BBAF-1549-443D-872C-C35AC93A464C}.Debug|Any CPU.Build.0 = Debug|Any CPU
		{E719BBAF-1549-443D-872C-C35AC93A464C}.Release|Any CPU.ActiveCfg = Release|Any CPU
		{E719BBAF-1549-443D-872C-C35AC93A464C}.Release|Any CPU.Build.0 = Release|Any CPU
		{65276A63-AB58-43E3-8774-45EE64C963A7}.Debug|Any CPU.ActiveCfg = Debug|Any CPU
		{65276A63-AB58-43E3-8774-45EE64C963A7}.Debug|Any CPU.Build.0 = Debug|Any CPU
		{65276A63-AB58-43E3-8774-45EE64C963A7}.Release|Any CPU.ActiveCfg = Release|Any CPU
		{65276A63-AB58-43E3-8774-45EE64C963A7}.Release|Any CPU.Build.0 = Release|Any CPU
		{94019AFC-B8CD-455B-B4D2-0736C2416A60}.Debug|Any CPU.ActiveCfg = Debug|Any CPU
		{94019AFC-B8CD-455B-B4D2-0736C2416A60}.Debug|Any CPU.Build.0 = Debug|Any CPU
		{94019AFC-B8CD-455B-B4D2-0736C2416A60}.Release|Any CPU.ActiveCfg = Release|Any CPU
		{94019AFC-B8CD-455B-B4D2-0736C2416A60}.Release|Any CPU.Build.0 = Release|Any CPU
		{D3B98D07-AC45-47C5-BAD5-F84BC7D51A20}.Debug|Any CPU.ActiveCfg = Debug|Any CPU
		{D3B98D07-AC45-47C5-BAD5-F84BC7D51A20}.Debug|Any CPU.Build.0 = Debug|Any CPU
		{D3B98D07-AC45-47C5-BAD5-F84BC7D51A20}.Release|Any CPU.ActiveCfg = Release|Any CPU
		{D3B98D07-AC45-47C5-BAD5-F84BC7D51A20}.Release|Any CPU.Build.0 = Release|Any CPU
		{E7BE0969-C1D4-46A1-9C9C-D6EE206375C2}.Debug|Any CPU.ActiveCfg = Debug|Any CPU
		{E7BE0969-C1D4-46A1-9C9C-D6EE206375C2}.Debug|Any CPU.Build.0 = Debug|Any CPU
		{E7BE0969-C1D4-46A1-9C9C-D6EE206375C2}.Debug|Any CPU.Deploy.0 = Debug|Any CPU
		{E7BE0969-C1D4-46A1-9C9C-D6EE206375C2}.Release|Any CPU.ActiveCfg = Release|Any CPU
		{E7BE0969-C1D4-46A1-9C9C-D6EE206375C2}.Release|Any CPU.Build.0 = Release|Any CPU
		{E7BE0969-C1D4-46A1-9C9C-D6EE206375C2}.Release|Any CPU.Deploy.0 = Release|Any CPU
		{29E515E6-AD37-418A-955B-BD8C8ADC6EEE}.Debug|Any CPU.ActiveCfg = Debug|Any CPU
		{29E515E6-AD37-418A-955B-BD8C8ADC6EEE}.Debug|Any CPU.Build.0 = Debug|Any CPU
		{29E515E6-AD37-418A-955B-BD8C8ADC6EEE}.Release|Any CPU.ActiveCfg = Release|Any CPU
		{29E515E6-AD37-418A-955B-BD8C8ADC6EEE}.Release|Any CPU.Build.0 = Release|Any CPU
	EndGlobalSection
	GlobalSection(SolutionProperties) = preSolution
		HideSolutionNode = FALSE
	EndGlobalSection
	GlobalSection(ExtensibilityGlobals) = postSolution
		SolutionGuid = {BD320E0D-949E-4289-B47E-23F16CD94BC1}
	EndGlobalSection
EndGlobal
